
Microsoft Visual Studio Solution File, Format Version 12.00
# Visual Studio Version 17
VisualStudioVersion = 17.14.36429.23 d17.14
MinimumVisualStudioVersion = 10.0.40219.1
Project("{FAE04EC0-301F-11D3-BF4B-00C04F79EFBC}") = "BankApp.Api", "BankApp.Api.csproj", "{11CA3538-50EC-49F0-B0EB-C75B45F38F9F}"
EndProject
Project("{FAE04EC0-301F-11D3-BF4B-00C04F79EFBC}") = "BankApp.Entity", "..\BankApp.Entity\BankApp.Entity.csproj", "{53A6C477-CC2E-4B5A-AE4C-F67F168A30BF}"
EndProject
Project("{FAE04EC0-301F-11D3-BF4B-00C04F79EFBC}") = "BankApp.Services", "..\BankApp.Services\BankApp.Services.csproj", "{77E5B0EB-DB41-4AB9-B6F2-9FC293712376}"
EndProject
Global
	GlobalSection(SolutionConfigurationPlatforms) = preSolution
		Debug|Any CPU = Debug|Any CPU
		Release|Any CPU = Release|Any CPU
	EndGlobalSection
	GlobalSection(ProjectConfigurationPlatforms) = postSolution
		{11CA3538-50EC-49F0-B0EB-C75B45F38F9F}.Debug|Any CPU.ActiveCfg = Debug|Any CPU
		{11CA3538-50EC-49F0-B0EB-C75B45F38F9F}.Debug|Any CPU.Build.0 = Debug|Any CPU
		{11CA3538-50EC-49F0-B0EB-C75B45F38F9F}.Release|Any CPU.ActiveCfg = Release|Any CPU
		{11CA3538-50EC-49F0-B0EB-C75B45F38F9F}.Release|Any CPU.Build.0 = Release|Any CPU
		{53A6C477-CC2E-4B5A-AE4C-F67F168A30BF}.Debug|Any CPU.ActiveCfg = Debug|Any CPU
		{53A6C477-CC2E-4B5A-AE4C-F67F168A30BF}.Debug|Any CPU.Build.0 = Debug|Any CPU
		{53A6C477-CC2E-4B5A-AE4C-F67F168A30BF}.Release|Any CPU.ActiveCfg = Release|Any CPU
		{53A6C477-CC2E-4B5A-AE4C-F67F168A30BF}.Release|Any CPU.Build.0 = Release|Any CPU
		{77E5B0EB-DB41-4AB9-B6F2-9FC293712376}.Debug|Any CPU.ActiveCfg = Debug|Any CPU
		{77E5B0EB-DB41-4AB9-B6F2-9FC293712376}.Debug|Any CPU.Build.0 = Debug|Any CPU
		{77E5B0EB-DB41-4AB9-B6F2-9FC293712376}.Release|Any CPU.ActiveCfg = Release|Any CPU
		{77E5B0EB-DB41-4AB9-B6F2-9FC293712376}.Release|Any CPU.Build.0 = Release|Any CPU
	EndGlobalSection
	GlobalSection(SolutionProperties) = preSolution
		HideSolutionNode = FALSE
	EndGlobalSection
	GlobalSection(ExtensibilityGlobals) = postSolution
		SolutionGuid = {64F5449C-7C02-4B01-9398-0A3B4E1D1F85}
	EndGlobalSection
EndGlobal
